<?xml version="1.0" encoding="utf-8"?>
<Project ToolsVersion="4.0" xmlns="http://schemas.microsoft.com/developer/msbuild/2003">
  <ItemGroup>
    <Filter Include="00. Base">
      <UniqueIdentifier>{e41b3abb-cbe2-4dc4-883f-9b03874e6455}</UniqueIdentifier>
    </Filter>
  </ItemGroup>
  <ItemGroup>
    <ClCompile Include="..\Private\Base.cpp">
      <Filter>00. Base</Filter>
    </ClCompile>
  </ItemGroup>
  <ItemGroup>
    <ClInclude Include="..\Public\Base.h">
      <Filter>00. Base</Filter>
    </ClInclude>
    <ClInclude Include="..\Public\Engine_Defines.h" />
  </ItemGroup>
</Project>