
Microsoft Visual Studio Solution File, Format Version 12.00
# Visual Studio 14
VisualStudioVersion = 14.0.25420.1
MinimumVisualStudioVersion = 10.0.40219.1
Project("{8BC9CEB8-8B4A-11D0-8D11-00A0C91BC942}") = "Jusin_One_Month", "Jusin_One_Month\Jusin_One_Month.vcxproj", "{83A36042-EF8A-43F5-B091-DB043C3C512E}"
EndProject
Project("{8BC9CEB8-8B4A-11D0-8D11-00A0C91BC942}") = "220216", "220216\220216.vcxproj", "{649B48F5-5FEF-476D-9E4D-83AA9F13C155}"
EndProject
Project("{8BC9CEB8-8B4A-11D0-8D11-00A0C91BC942}") = "220217", "220217\220217.vcxproj", "{1D415993-A217-4351-B00E-946BB1B89770}"
EndProject
Project("{8BC9CEB8-8B4A-11D0-8D11-00A0C91BC942}") = "220218", "220218\220218.vcxproj", "{AE67B825-A728-4A6B-B282-A3460928FC2F}"
EndProject
Project("{8BC9CEB8-8B4A-11D0-8D11-00A0C91BC942}") = "220221", "220221\220221.vcxproj", "{7A16E743-256B-4F69-8AB2-C246B8F7CC55}"
EndProject
Project("{8BC9CEB8-8B4A-11D0-8D11-00A0C91BC942}") = "220222", "220222\220222.vcxproj", "{0DCBB8FF-3B32-41CD-94F3-939BC70A8793}"
EndProject
Project("{8BC9CEB8-8B4A-11D0-8D11-00A0C91BC942}") = "220223", "220223\220223.vcxproj", "{293E45B6-DAA8-40D4-BE5E-F9C969DE96EA}"
EndProject
Project("{8BC9CEB8-8B4A-11D0-8D11-00A0C91BC942}") = "220224", "220224\220224.vcxproj", "{30DE2CFA-F04C-44E9-96FF-F5FB5BC238C2}"
EndProject
Project("{8BC9CEB8-8B4A-11D0-8D11-00A0C91BC942}") = "220225", "220225\220225.vcxproj", "{96E391C0-B508-4863-B118-B6A67B66054E}"
EndProject
Project("{8BC9CEB8-8B4A-11D0-8D11-00A0C91BC942}") = "220228", "220228\220228.vcxproj", "{70AA59D7-FAE6-4486-BA49-DAC5BCA5353D}"
EndProject
Project("{8BC9CEB8-8B4A-11D0-8D11-00A0C91BC942}") = "220302", "220302\220302.vcxproj", "{07496A5D-22ED-4C36-97CA-4AE8AA54C8D1}"
EndProject
Project("{8BC9CEB8-8B4A-11D0-8D11-00A0C91BC942}") = "220303", "220303\220303.vcxproj", "{3B9ADEA4-AD7D-4A90-BF67-A2F4F584F536}"
EndProject
Project("{8BC9CEB8-8B4A-11D0-8D11-00A0C91BC942}") = "220304", "220304\220304.vcxproj", "{DA280F02-E405-4CBE-9360-64FF8FF1159F}"
EndProject
Project("{8BC9CEB8-8B4A-11D0-8D11-00A0C91BC942}") = "220307", "220307\220307.vcxproj", "{C314191A-C78C-4381-B6A1-FBCC2B245867}"
EndProject
Project("{8BC9CEB8-8B4A-11D0-8D11-00A0C91BC942}") = "FindHair", "FindHair\FindHair.vcxproj", "{C3E0CC7D-CB68-4591-94F4-80B04EFAD261}"
EndProject
Project("{8BC9CEB8-8B4A-11D0-8D11-00A0C91BC942}") = "220308", "220308\220308.vcxproj", "{0F0A9AE1-BC55-4682-93F7-977E306CF12C}"
EndProject
Project("{8BC9CEB8-8B4A-11D0-8D11-00A0C91BC942}") = "220310", "220310\220310.vcxproj", "{CBD78BA3-2339-4E23-95C7-2AFB0F19782A}"
EndProject
Project("{8BC9CEB8-8B4A-11D0-8D11-00A0C91BC942}") = "220311", "220311\220311.vcxproj", "{81CCCAFF-C3E4-43F6-9079-BC89FA7C7A97}"
EndProject
Project("{8BC9CEB8-8B4A-11D0-8D11-00A0C91BC942}") = "220314", "220314\220314.vcxproj", "{25588E1E-757F-496F-95C3-67F438C9017D}"
EndProject
Global
	GlobalSection(SolutionConfigurationPlatforms) = preSolution
		Debug|x64 = Debug|x64
		Debug|x86 = Debug|x86
		Release|x64 = Release|x64
		Release|x86 = Release|x86
	EndGlobalSection
	GlobalSection(ProjectConfigurationPlatforms) = postSolution
		{83A36042-EF8A-43F5-B091-DB043C3C512E}.Debug|x64.ActiveCfg = Debug|x64
		{83A36042-EF8A-43F5-B091-DB043C3C512E}.Debug|x64.Build.0 = Debug|x64
		{83A36042-EF8A-43F5-B091-DB043C3C512E}.Debug|x86.ActiveCfg = Debug|Win32
		{83A36042-EF8A-43F5-B091-DB043C3C512E}.Debug|x86.Build.0 = Debug|Win32
		{83A36042-EF8A-43F5-B091-DB043C3C512E}.Release|x64.ActiveCfg = Release|x64
		{83A36042-EF8A-43F5-B091-DB043C3C512E}.Release|x64.Build.0 = Release|x64
		{83A36042-EF8A-43F5-B091-DB043C3C512E}.Release|x86.ActiveCfg = Release|Win32
		{83A36042-EF8A-43F5-B091-DB043C3C512E}.Release|x86.Build.0 = Release|Win32
		{649B48F5-5FEF-476D-9E4D-83AA9F13C155}.Debug|x64.ActiveCfg = Debug|x64
		{649B48F5-5FEF-476D-9E4D-83AA9F13C155}.Debug|x64.Build.0 = Debug|x64
		{649B48F5-5FEF-476D-9E4D-83AA9F13C155}.Debug|x86.ActiveCfg = Debug|Win32
		{649B48F5-5FEF-476D-9E4D-83AA9F13C155}.Debug|x86.Build.0 = Debug|Win32
		{649B48F5-5FEF-476D-9E4D-83AA9F13C155}.Release|x64.ActiveCfg = Release|x64
		{649B48F5-5FEF-476D-9E4D-83AA9F13C155}.Release|x64.Build.0 = Release|x64
		{649B48F5-5FEF-476D-9E4D-83AA9F13C155}.Release|x86.ActiveCfg = Release|Win32
		{649B48F5-5FEF-476D-9E4D-83AA9F13C155}.Release|x86.Build.0 = Release|Win32
		{1D415993-A217-4351-B00E-946BB1B89770}.Debug|x64.ActiveCfg = Debug|x64
		{1D415993-A217-4351-B00E-946BB1B89770}.Debug|x64.Build.0 = Debug|x64
		{1D415993-A217-4351-B00E-946BB1B89770}.Debug|x86.ActiveCfg = Debug|Win32
		{1D415993-A217-4351-B00E-946BB1B89770}.Debug|x86.Build.0 = Debug|Win32
		{1D415993-A217-4351-B00E-946BB1B89770}.Release|x64.ActiveCfg = Release|x64
		{1D415993-A217-4351-B00E-946BB1B89770}.Release|x64.Build.0 = Release|x64
		{1D415993-A217-4351-B00E-946BB1B89770}.Release|x86.ActiveCfg = Release|Win32
		{1D415993-A217-4351-B00E-946BB1B89770}.Release|x86.Build.0 = Release|Win32
		{AE67B825-A728-4A6B-B282-A3460928FC2F}.Debug|x64.ActiveCfg = Debug|x64
		{AE67B825-A728-4A6B-B282-A3460928FC2F}.Debug|x64.Build.0 = Debug|x64
		{AE67B825-A728-4A6B-B282-A3460928FC2F}.Debug|x86.ActiveCfg = Debug|Win32
		{AE67B825-A728-4A6B-B282-A3460928FC2F}.Debug|x86.Build.0 = Debug|Win32
		{AE67B825-A728-4A6B-B282-A3460928FC2F}.Release|x64.ActiveCfg = Release|x64
		{AE67B825-A728-4A6B-B282-A3460928FC2F}.Release|x64.Build.0 = Release|x64
		{AE67B825-A728-4A6B-B282-A3460928FC2F}.Release|x86.ActiveCfg = Release|Win32
		{AE67B825-A728-4A6B-B282-A3460928FC2F}.Release|x86.Build.0 = Release|Win32
		{7A16E743-256B-4F69-8AB2-C246B8F7CC55}.Debug|x64.ActiveCfg = Debug|x64
		{7A16E743-256B-4F69-8AB2-C246B8F7CC55}.Debug|x64.Build.0 = Debug|x64
		{7A16E743-256B-4F69-8AB2-C246B8F7CC55}.Debug|x86.ActiveCfg = Debug|Win32
		{7A16E743-256B-4F69-8AB2-C246B8F7CC55}.Debug|x86.Build.0 = Debug|Win32
		{7A16E743-256B-4F69-8AB2-C246B8F7CC55}.Release|x64.ActiveCfg = Release|x64
		{7A16E743-256B-4F69-8AB2-C246B8F7CC55}.Release|x64.Build.0 = Release|x64
		{7A16E743-256B-4F69-8AB2-C246B8F7CC55}.Release|x86.ActiveCfg = Release|Win32
		{7A16E743-256B-4F69-8AB2-C246B8F7CC55}.Release|x86.Build.0 = Release|Win32
		{0DCBB8FF-3B32-41CD-94F3-939BC70A8793}.Debug|x64.ActiveCfg = Debug|x64
		{0DCBB8FF-3B32-41CD-94F3-939BC70A8793}.Debug|x64.Build.0 = Debug|x64
		{0DCBB8FF-3B32-41CD-94F3-939BC70A8793}.Debug|x86.ActiveCfg = Debug|Win32
		{0DCBB8FF-3B32-41CD-94F3-939BC70A8793}.Debug|x86.Build.0 = Debug|Win32
		{0DCBB8FF-3B32-41CD-94F3-939BC70A8793}.Release|x64.ActiveCfg = Release|x64
		{0DCBB8FF-3B32-41CD-94F3-939BC70A8793}.Release|x64.Build.0 = Release|x64
		{0DCBB8FF-3B32-41CD-94F3-939BC70A8793}.Release|x86.ActiveCfg = Release|Win32
		{0DCBB8FF-3B32-41CD-94F3-939BC70A8793}.Release|x86.Build.0 = Release|Win32
		{293E45B6-DAA8-40D4-BE5E-F9C969DE96EA}.Debug|x64.ActiveCfg = Debug|x64
		{293E45B6-DAA8-40D4-BE5E-F9C969DE96EA}.Debug|x64.Build.0 = Debug|x64
		{293E45B6-DAA8-40D4-BE5E-F9C969DE96EA}.Debug|x86.ActiveCfg = Debug|Win32
		{293E45B6-DAA8-40D4-BE5E-F9C969DE96EA}.Debug|x86.Build.0 = Debug|Win32
		{293E45B6-DAA8-40D4-BE5E-F9C969DE96EA}.Release|x64.ActiveCfg = Release|x64
		{293E45B6-DAA8-40D4-BE5E-F9C969DE96EA}.Release|x64.Build.0 = Release|x64
		{293E45B6-DAA8-40D4-BE5E-F9C969DE96EA}.Release|x86.ActiveCfg = Release|Win32
		{293E45B6-DAA8-40D4-BE5E-F9C969DE96EA}.Release|x86.Build.0 = Release|Win32
		{30DE2CFA-F04C-44E9-96FF-F5FB5BC238C2}.Debug|x64.ActiveCfg = Debug|x64
		{30DE2CFA-F04C-44E9-96FF-F5FB5BC238C2}.Debug|x64.Build.0 = Debug|x64
		{30DE2CFA-F04C-44E9-96FF-F5FB5BC238C2}.Debug|x86.ActiveCfg = Debug|Win32
		{30DE2CFA-F04C-44E9-96FF-F5FB5BC238C2}.Debug|x86.Build.0 = Debug|Win32
		{30DE2CFA-F04C-44E9-96FF-F5FB5BC238C2}.Release|x64.ActiveCfg = Release|x64
		{30DE2CFA-F04C-44E9-96FF-F5FB5BC238C2}.Release|x64.Build.0 = Release|x64
		{30DE2CFA-F04C-44E9-96FF-F5FB5BC238C2}.Release|x86.ActiveCfg = Release|Win32
		{30DE2CFA-F04C-44E9-96FF-F5FB5BC238C2}.Release|x86.Build.0 = Release|Win32
		{96E391C0-B508-4863-B118-B6A67B66054E}.Debug|x64.ActiveCfg = Debug|x64
		{96E391C0-B508-4863-B118-B6A67B66054E}.Debug|x64.Build.0 = Debug|x64
		{96E391C0-B508-4863-B118-B6A67B66054E}.Debug|x86.ActiveCfg = Debug|Win32
		{96E391C0-B508-4863-B118-B6A67B66054E}.Debug|x86.Build.0 = Debug|Win32
		{96E391C0-B508-4863-B118-B6A67B66054E}.Release|x64.ActiveCfg = Release|x64
		{96E391C0-B508-4863-B118-B6A67B66054E}.Release|x64.Build.0 = Release|x64
		{96E391C0-B508-4863-B118-B6A67B66054E}.Release|x86.ActiveCfg = Release|Win32
		{96E391C0-B508-4863-B118-B6A67B66054E}.Release|x86.Build.0 = Release|Win32
		{70AA59D7-FAE6-4486-BA49-DAC5BCA5353D}.Debug|x64.ActiveCfg = Debug|x64
		{70AA59D7-FAE6-4486-BA49-DAC5BCA5353D}.Debug|x64.Build.0 = Debug|x64
		{70AA59D7-FAE6-4486-BA49-DAC5BCA5353D}.Debug|x86.ActiveCfg = Debug|Win32
		{70AA59D7-FAE6-4486-BA49-DAC5BCA5353D}.Debug|x86.Build.0 = Debug|Win32
		{70AA59D7-FAE6-4486-BA49-DAC5BCA5353D}.Release|x64.ActiveCfg = Release|x64
		{70AA59D7-FAE6-4486-BA49-DAC5BCA5353D}.Release|x64.Build.0 = Release|x64
		{70AA59D7-FAE6-4486-BA49-DAC5BCA5353D}.Release|x86.ActiveCfg = Release|Win32
		{70AA59D7-FAE6-4486-BA49-DAC5BCA5353D}.Release|x86.Build.0 = Release|Win32
		{07496A5D-22ED-4C36-97CA-4AE8AA54C8D1}.Debug|x64.ActiveCfg = Debug|x64
		{07496A5D-22ED-4C36-97CA-4AE8AA54C8D1}.Debug|x64.Build.0 = Debug|x64
		{07496A5D-22ED-4C36-97CA-4AE8AA54C8D1}.Debug|x86.ActiveCfg = Debug|Win32
		{07496A5D-22ED-4C36-97CA-4AE8AA54C8D1}.Debug|x86.Build.0 = Debug|Win32
		{07496A5D-22ED-4C36-97CA-4AE8AA54C8D1}.Release|x64.ActiveCfg = Release|x64
		{07496A5D-22ED-4C36-97CA-4AE8AA54C8D1}.Release|x64.Build.0 = Release|x64
		{07496A5D-22ED-4C36-97CA-4AE8AA54C8D1}.Release|x86.ActiveCfg = Release|Win32
		{07496A5D-22ED-4C36-97CA-4AE8AA54C8D1}.Release|x86.Build.0 = Release|Win32
		{3B9ADEA4-AD7D-4A90-BF67-A2F4F584F536}.Debug|x64.ActiveCfg = Debug|x64
		{3B9ADEA4-AD7D-4A90-BF67-A2F4F584F536}.Debug|x64.Build.0 = Debug|x64
		{3B9ADEA4-AD7D-4A90-BF67-A2F4F584F536}.Debug|x86.ActiveCfg = Debug|Win32
		{3B9ADEA4-AD7D-4A90-BF67-A2F4F584F536}.Debug|x86.Build.0 = Debug|Win32
		{3B9ADEA4-AD7D-4A90-BF67-A2F4F584F536}.Release|x64.ActiveCfg = Release|x64
		{3B9ADEA4-AD7D-4A90-BF67-A2F4F584F536}.Release|x64.Build.0 = Release|x64
		{3B9ADEA4-AD7D-4A90-BF67-A2F4F584F536}.Release|x86.ActiveCfg = Release|Win32
		{3B9ADEA4-AD7D-4A90-BF67-A2F4F584F536}.Release|x86.Build.0 = Release|Win32
		{DA280F02-E405-4CBE-9360-64FF8FF1159F}.Debug|x64.ActiveCfg = Debug|x64
		{DA280F02-E405-4CBE-9360-64FF8FF1159F}.Debug|x64.Build.0 = Debug|x64
		{DA280F02-E405-4CBE-9360-64FF8FF1159F}.Debug|x86.ActiveCfg = Debug|Win32
		{DA280F02-E405-4CBE-9360-64FF8FF1159F}.Debug|x86.Build.0 = Debug|Win32
		{DA280F02-E405-4CBE-9360-64FF8FF1159F}.Release|x64.ActiveCfg = Release|x64
		{DA280F02-E405-4CBE-9360-64FF8FF1159F}.Release|x64.Build.0 = Release|x64
		{DA280F02-E405-4CBE-9360-64FF8FF1159F}.Release|x86.ActiveCfg = Release|Win32
		{DA280F02-E405-4CBE-9360-64FF8FF1159F}.Release|x86.Build.0 = Release|Win32
		{C314191A-C78C-4381-B6A1-FBCC2B245867}.Debug|x64.ActiveCfg = Debug|x64
		{C314191A-C78C-4381-B6A1-FBCC2B245867}.Debug|x64.Build.0 = Debug|x64
		{C314191A-C78C-4381-B6A1-FBCC2B245867}.Debug|x86.ActiveCfg = Debug|Win32
		{C314191A-C78C-4381-B6A1-FBCC2B245867}.Debug|x86.Build.0 = Debug|Win32
		{C314191A-C78C-4381-B6A1-FBCC2B245867}.Release|x64.ActiveCfg = Release|x64
		{C314191A-C78C-4381-B6A1-FBCC2B245867}.Release|x64.Build.0 = Release|x64
		{C314191A-C78C-4381-B6A1-FBCC2B245867}.Release|x86.ActiveCfg = Release|Win32
		{C314191A-C78C-4381-B6A1-FBCC2B245867}.Release|x86.Build.0 = Release|Win32
		{C3E0CC7D-CB68-4591-94F4-80B04EFAD261}.Debug|x64.ActiveCfg = Debug|x64
		{C3E0CC7D-CB68-4591-94F4-80B04EFAD261}.Debug|x64.Build.0 = Debug|x64
		{C3E0CC7D-CB68-4591-94F4-80B04EFAD261}.Debug|x86.ActiveCfg = Debug|Win32
		{C3E0CC7D-CB68-4591-94F4-80B04EFAD261}.Debug|x86.Build.0 = Debug|Win32
		{C3E0CC7D-CB68-4591-94F4-80B04EFAD261}.Release|x64.ActiveCfg = Release|x64
		{C3E0CC7D-CB68-4591-94F4-80B04EFAD261}.Release|x64.Build.0 = Release|x64
		{C3E0CC7D-CB68-4591-94F4-80B04EFAD261}.Release|x86.ActiveCfg = Release|Win32
		{C3E0CC7D-CB68-4591-94F4-80B04EFAD261}.Release|x86.Build.0 = Release|Win32
		{0F0A9AE1-BC55-4682-93F7-977E306CF12C}.Debug|x64.ActiveCfg = Debug|x64
		{0F0A9AE1-BC55-4682-93F7-977E306CF12C}.Debug|x64.Build.0 = Debug|x64
		{0F0A9AE1-BC55-4682-93F7-977E306CF12C}.Debug|x86.ActiveCfg = Debug|Win32
		{0F0A9AE1-BC55-4682-93F7-977E306CF12C}.Debug|x86.Build.0 = Debug|Win32
		{0F0A9AE1-BC55-4682-93F7-977E306CF12C}.Release|x64.ActiveCfg = Release|x64
		{0F0A9AE1-BC55-4682-93F7-977E306CF12C}.Release|x64.Build.0 = Release|x64
		{0F0A9AE1-BC55-4682-93F7-977E306CF12C}.Release|x86.ActiveCfg = Release|Win32
		{0F0A9AE1-BC55-4682-93F7-977E306CF12C}.Release|x86.Build.0 = Release|Win32
		{CBD78BA3-2339-4E23-95C7-2AFB0F19782A}.Debug|x64.ActiveCfg = Debug|x64
		{CBD78BA3-2339-4E23-95C7-2AFB0F19782A}.Debug|x64.Build.0 = Debug|x64
		{CBD78BA3-2339-4E23-95C7-2AFB0F19782A}.Debug|x86.ActiveCfg = Debug|Win32
		{CBD78BA3-2339-4E23-95C7-2AFB0F19782A}.Debug|x86.Build.0 = Debug|Win32
		{CBD78BA3-2339-4E23-95C7-2AFB0F19782A}.Release|x64.ActiveCfg = Release|x64
		{CBD78BA3-2339-4E23-95C7-2AFB0F19782A}.Release|x64.Build.0 = Release|x64
		{CBD78BA3-2339-4E23-95C7-2AFB0F19782A}.Release|x86.ActiveCfg = Release|Win32
		{CBD78BA3-2339-4E23-95C7-2AFB0F19782A}.Release|x86.Build.0 = Release|Win32
		{81CCCAFF-C3E4-43F6-9079-BC89FA7C7A97}.Debug|x64.ActiveCfg = Debug|x64
		{81CCCAFF-C3E4-43F6-9079-BC89FA7C7A97}.Debug|x64.Build.0 = Debug|x64
		{81CCCAFF-C3E4-43F6-9079-BC89FA7C7A97}.Debug|x86.ActiveCfg = Debug|Win32
		{81CCCAFF-C3E4-43F6-9079-BC89FA7C7A97}.Debug|x86.Build.0 = Debug|Win32
		{81CCCAFF-C3E4-43F6-9079-BC89FA7C7A97}.Release|x64.ActiveCfg = Release|x64
		{81CCCAFF-C3E4-43F6-9079-BC89FA7C7A97}.Release|x64.Build.0 = Release|x64
		{81CCCAFF-C3E4-43F6-9079-BC89FA7C7A97}.Release|x86.ActiveCfg = Release|Win32
		{81CCCAFF-C3E4-43F6-9079-BC89FA7C7A97}.Release|x86.Build.0 = Release|Win32
		{25588E1E-757F-496F-95C3-67F438C9017D}.Debug|x64.ActiveCfg = Debug|x64
		{25588E1E-757F-496F-95C3-67F438C9017D}.Debug|x64.Build.0 = Debug|x64
		{25588E1E-757F-496F-95C3-67F438C9017D}.Debug|x86.ActiveCfg = Debug|Win32
		{25588E1E-757F-496F-95C3-67F438C9017D}.Debug|x86.Build.0 = Debug|Win32
		{25588E1E-757F-496F-95C3-67F438C9017D}.Release|x64.ActiveCfg = Release|x64
		{25588E1E-757F-496F-95C3-67F438C9017D}.Release|x64.Build.0 = Release|x64
		{25588E1E-757F-496F-95C3-67F438C9017D}.Release|x86.ActiveCfg = Release|Win32
		{25588E1E-757F-496F-95C3-67F438C9017D}.Release|x86.Build.0 = Release|Win32
	EndGlobalSection
	GlobalSection(SolutionProperties) = preSolution
		HideSolutionNode = FALSE
	EndGlobalSection
EndGlobal
