
Microsoft Visual Studio Solution File, Format Version 12.00
# Visual Studio 14
VisualStudioVersion = 14.0.25420.1
MinimumVisualStudioVersion = 10.0.40219.1
Project("{8BC9CEB8-8B4A-11D0-8D11-00A0C91BC942}") = "Jusin_Two_Month", "Jusin_Two_Month\Jusin_Two_Month.vcxproj", "{C99AF03C-CDEA-49AB-806A-7547BE7CFDAE}"
EndProject
Project("{8BC9CEB8-8B4A-11D0-8D11-00A0C91BC942}") = "220321", "220321\220321.vcxproj", "{9B9EA00E-330D-47AF-AF28-EA7CAFAB4D8F}"
EndProject
Project("{8BC9CEB8-8B4A-11D0-8D11-00A0C91BC942}") = "220321_Grade", "220321_Grade\220321_Grade.vcxproj", "{75EB5B7A-CB3F-4A6A-B0E1-B5B346D12786}"
EndProject
Project("{8BC9CEB8-8B4A-11D0-8D11-00A0C91BC942}") = "220321_TextRPG", "220321_TextRPG\220321_TextRPG.vcxproj", "{07BC9A1B-5CE6-40DD-8A3E-157B094AB8E8}"
EndProject
Project("{8BC9CEB8-8B4A-11D0-8D11-00A0C91BC942}") = "220322", "220322\220322.vcxproj", "{9CEAC19A-41F1-4A37-B4E2-CA6AD44FA43C}"
EndProject
Project("{8BC9CEB8-8B4A-11D0-8D11-00A0C91BC942}") = "220322_TextRPG", "220322_TextRPG\220322_TextRPG.vcxproj", "{D046CD4C-FAE1-4346-81A3-5E23B83CC99E}"
EndProject
Project("{8BC9CEB8-8B4A-11D0-8D11-00A0C91BC942}") = "220323", "220323\220323.vcxproj", "{4AF67875-8232-4649-9C91-5B270819C947}"
EndProject
Project("{8BC9CEB8-8B4A-11D0-8D11-00A0C91BC942}") = "220323_TextRPG", "220323_TextRPG\220323_TextRPG.vcxproj", "{4DBC5D84-9E1D-432E-A6E7-F5BFDBF3DDA2}"
EndProject
Project("{8BC9CEB8-8B4A-11D0-8D11-00A0C91BC942}") = "220324", "220324\220324.vcxproj", "{A337C35E-50AF-4093-A437-C92A93B83185}"
EndProject
Project("{8BC9CEB8-8B4A-11D0-8D11-00A0C91BC942}") = "220324_TextRPG", "220324_TextRPG\220324_TextRPG.vcxproj", "{2D71F977-996F-4CD3-8C07-3755E2B3182E}"
EndProject
Project("{8BC9CEB8-8B4A-11D0-8D11-00A0C91BC942}") = "220325", "220325\220325.vcxproj", "{5F95E9CA-F64A-47FB-8965-A0FC72C47922}"
EndProject
Project("{8BC9CEB8-8B4A-11D0-8D11-00A0C91BC942}") = "220326_TextRPG", "220326_TextRPG\220326_TextRPG.vcxproj", "{C9F89AB6-F70B-4C43-8F43-96CD9F9FCF3E}"
EndProject
Project("{8BC9CEB8-8B4A-11D0-8D11-00A0C91BC942}") = "220328", "220328\220328.vcxproj", "{21C51594-FF53-409C-9112-6A492F207AC2}"
EndProject
Project("{8BC9CEB8-8B4A-11D0-8D11-00A0C91BC942}") = "220328_TextRPG", "220328_TextRPG\220328_TextRPG.vcxproj", "{6CAF87C1-C7B0-4923-A42B-7528FFE539EB}"
EndProject
Project("{8BC9CEB8-8B4A-11D0-8D11-00A0C91BC942}") = "220329", "220329\220329.vcxproj", "{22B8F22C-6F9B-4578-AE51-C1B65F4DF215}"
EndProject
Project("{8BC9CEB8-8B4A-11D0-8D11-00A0C91BC942}") = "220329_TextRPG", "220329_TextRPG\220329_TextRPG.vcxproj", "{4B89CB1D-AA0F-42EF-A08B-A93C07DC19AC}"
EndProject
Project("{8BC9CEB8-8B4A-11D0-8D11-00A0C91BC942}") = "220330", "220330\220330.vcxproj", "{F7A149C5-431D-4078-A228-C425D9A156A1}"
EndProject
Project("{8BC9CEB8-8B4A-11D0-8D11-00A0C91BC942}") = "220330_SmartStack", "220330_Stack\220330_Stack.vcxproj", "{40507561-2422-4DFB-9716-F4C984AF2B8D}"
EndProject
Project("{8BC9CEB8-8B4A-11D0-8D11-00A0C91BC942}") = "220330_SmartQueue", "220330_Queue\220330_Queue.vcxproj", "{AAC056C8-E6EA-455E-A86F-0A9BDF7DD3A3}"
EndProject
Project("{8BC9CEB8-8B4A-11D0-8D11-00A0C91BC942}") = "220330_LinkedList", "220330_LinkedList\220330_LinkedList.vcxproj", "{5EFE7C7C-04AC-4F7A-A83F-F00D9FE82EB5}"
EndProject
Project("{8BC9CEB8-8B4A-11D0-8D11-00A0C91BC942}") = "220330_DoubleLinkedList", "220330_DubleLinkedList\220330_DubleLinkedList.vcxproj", "{5FD1AE7C-4281-4A16-8339-A8F3CC183565}"
EndProject
Project("{8BC9CEB8-8B4A-11D0-8D11-00A0C91BC942}") = "220330_TextRPG", "220330_TextRPG\220330_TextRPG.vcxproj", "{999AAA9B-EE6D-475C-AAAA-BCD7DB4E7ED5}"
EndProject
Project("{8BC9CEB8-8B4A-11D0-8D11-00A0C91BC942}") = "220331", "220331\220331.vcxproj", "{0EDCAD1A-026D-46C8-ABC7-5E0057FA53FE}"
EndProject
Project("{8BC9CEB8-8B4A-11D0-8D11-00A0C91BC942}") = "220331_CString", "220331_CString\220331_CString.vcxproj", "{9F8B9022-D38B-4CD7-BF55-480FDDBAF181}"
EndProject
Project("{8BC9CEB8-8B4A-11D0-8D11-00A0C91BC942}") = "220401", "220401\220401.vcxproj", "{D1DC1126-4A9C-4023-8FFA-90EE7660C32B}"
EndProject
Project("{8BC9CEB8-8B4A-11D0-8D11-00A0C91BC942}") = "220401_SmartStack(T)", "220401_SmartStack(T)\220401_SmartStack(T).vcxproj", "{B27803FD-60F0-4928-938E-19FFE95F19C4}"
EndProject
Project("{8BC9CEB8-8B4A-11D0-8D11-00A0C91BC942}") = "220401_SmartQueue(T)", "220401_SmartQueue(T)\220401_SmartQueue(T).vcxproj", "{C6107362-4B2A-45DD-880E-5A3302FF3E16}"
EndProject
Project("{8BC9CEB8-8B4A-11D0-8D11-00A0C91BC942}") = "220401_LinkedList(T)", "220401_LinkedList(T)\220401_LinkedList(T).vcxproj", "{270BD0A1-82C6-455B-B855-449347AC53D8}"
EndProject
Project("{8BC9CEB8-8B4A-11D0-8D11-00A0C91BC942}") = "220401_DoubleLinkedList(T)", "220401_DoubleLinkedList(T)\220401_DoubleLinkedList(T).vcxproj", "{9B7E962C-5387-4BE9-8E6F-A3DE90BE43CE}"
EndProject
Project("{8BC9CEB8-8B4A-11D0-8D11-00A0C91BC942}") = "220401_Deque(T)", "220401_Deque\220401_Deque.vcxproj", "{C5927CF6-5EAC-4B2F-963B-8967973D6164}"
EndProject
Project("{8BC9CEB8-8B4A-11D0-8D11-00A0C91BC942}") = "220404", "220404\220404.vcxproj", "{975EDC11-74CB-489D-805B-6833D53E0927}"
EndProject
Project("{8BC9CEB8-8B4A-11D0-8D11-00A0C91BC942}") = "220404_BST(T)", "220404_BST(T)\220404_BST(T).vcxproj", "{B53E8955-F162-4696-9BC2-5BD4EB0B8CC3}"
EndProject
Project("{8BC9CEB8-8B4A-11D0-8D11-00A0C91BC942}") = "220405", "220405\220405.vcxproj", "{518D2F7F-041D-4A0E-AA37-DA146C5F625E}"
EndProject
Project("{8BC9CEB8-8B4A-11D0-8D11-00A0C91BC942}") = "220405_Grade", "220405_Grade\220405_Grade.vcxproj", "{711222FE-F28E-48B1-B2B8-5CE72AA14F49}"
EndProject
Global
	GlobalSection(SolutionConfigurationPlatforms) = preSolution
		Debug|x64 = Debug|x64
		Debug|x86 = Debug|x86
		Release|x64 = Release|x64
		Release|x86 = Release|x86
	EndGlobalSection
	GlobalSection(ProjectConfigurationPlatforms) = postSolution
		{C99AF03C-CDEA-49AB-806A-7547BE7CFDAE}.Debug|x64.ActiveCfg = Debug|x64
		{C99AF03C-CDEA-49AB-806A-7547BE7CFDAE}.Debug|x64.Build.0 = Debug|x64
		{C99AF03C-CDEA-49AB-806A-7547BE7CFDAE}.Debug|x86.ActiveCfg = Debug|Win32
		{C99AF03C-CDEA-49AB-806A-7547BE7CFDAE}.Debug|x86.Build.0 = Debug|Win32
		{C99AF03C-CDEA-49AB-806A-7547BE7CFDAE}.Release|x64.ActiveCfg = Release|x64
		{C99AF03C-CDEA-49AB-806A-7547BE7CFDAE}.Release|x64.Build.0 = Release|x64
		{C99AF03C-CDEA-49AB-806A-7547BE7CFDAE}.Release|x86.ActiveCfg = Release|Win32
		{C99AF03C-CDEA-49AB-806A-7547BE7CFDAE}.Release|x86.Build.0 = Release|Win32
		{9B9EA00E-330D-47AF-AF28-EA7CAFAB4D8F}.Debug|x64.ActiveCfg = Debug|x64
		{9B9EA00E-330D-47AF-AF28-EA7CAFAB4D8F}.Debug|x64.Build.0 = Debug|x64
		{9B9EA00E-330D-47AF-AF28-EA7CAFAB4D8F}.Debug|x86.ActiveCfg = Debug|Win32
		{9B9EA00E-330D-47AF-AF28-EA7CAFAB4D8F}.Debug|x86.Build.0 = Debug|Win32
		{9B9EA00E-330D-47AF-AF28-EA7CAFAB4D8F}.Release|x64.ActiveCfg = Release|x64
		{9B9EA00E-330D-47AF-AF28-EA7CAFAB4D8F}.Release|x64.Build.0 = Release|x64
		{9B9EA00E-330D-47AF-AF28-EA7CAFAB4D8F}.Release|x86.ActiveCfg = Release|Win32
		{9B9EA00E-330D-47AF-AF28-EA7CAFAB4D8F}.Release|x86.Build.0 = Release|Win32
		{75EB5B7A-CB3F-4A6A-B0E1-B5B346D12786}.Debug|x64.ActiveCfg = Debug|x64
		{75EB5B7A-CB3F-4A6A-B0E1-B5B346D12786}.Debug|x64.Build.0 = Debug|x64
		{75EB5B7A-CB3F-4A6A-B0E1-B5B346D12786}.Debug|x86.ActiveCfg = Debug|Win32
		{75EB5B7A-CB3F-4A6A-B0E1-B5B346D12786}.Debug|x86.Build.0 = Debug|Win32
		{75EB5B7A-CB3F-4A6A-B0E1-B5B346D12786}.Release|x64.ActiveCfg = Release|x64
		{75EB5B7A-CB3F-4A6A-B0E1-B5B346D12786}.Release|x64.Build.0 = Release|x64
		{75EB5B7A-CB3F-4A6A-B0E1-B5B346D12786}.Release|x86.ActiveCfg = Release|Win32
		{75EB5B7A-CB3F-4A6A-B0E1-B5B346D12786}.Release|x86.Build.0 = Release|Win32
		{07BC9A1B-5CE6-40DD-8A3E-157B094AB8E8}.Debug|x64.ActiveCfg = Debug|x64
		{07BC9A1B-5CE6-40DD-8A3E-157B094AB8E8}.Debug|x64.Build.0 = Debug|x64
		{07BC9A1B-5CE6-40DD-8A3E-157B094AB8E8}.Debug|x86.ActiveCfg = Debug|Win32
		{07BC9A1B-5CE6-40DD-8A3E-157B094AB8E8}.Debug|x86.Build.0 = Debug|Win32
		{07BC9A1B-5CE6-40DD-8A3E-157B094AB8E8}.Release|x64.ActiveCfg = Release|x64
		{07BC9A1B-5CE6-40DD-8A3E-157B094AB8E8}.Release|x64.Build.0 = Release|x64
		{07BC9A1B-5CE6-40DD-8A3E-157B094AB8E8}.Release|x86.ActiveCfg = Release|Win32
		{07BC9A1B-5CE6-40DD-8A3E-157B094AB8E8}.Release|x86.Build.0 = Release|Win32
		{9CEAC19A-41F1-4A37-B4E2-CA6AD44FA43C}.Debug|x64.ActiveCfg = Debug|x64
		{9CEAC19A-41F1-4A37-B4E2-CA6AD44FA43C}.Debug|x64.Build.0 = Debug|x64
		{9CEAC19A-41F1-4A37-B4E2-CA6AD44FA43C}.Debug|x86.ActiveCfg = Debug|Win32
		{9CEAC19A-41F1-4A37-B4E2-CA6AD44FA43C}.Debug|x86.Build.0 = Debug|Win32
		{9CEAC19A-41F1-4A37-B4E2-CA6AD44FA43C}.Release|x64.ActiveCfg = Release|x64
		{9CEAC19A-41F1-4A37-B4E2-CA6AD44FA43C}.Release|x64.Build.0 = Release|x64
		{9CEAC19A-41F1-4A37-B4E2-CA6AD44FA43C}.Release|x86.ActiveCfg = Release|Win32
		{9CEAC19A-41F1-4A37-B4E2-CA6AD44FA43C}.Release|x86.Build.0 = Release|Win32
		{D046CD4C-FAE1-4346-81A3-5E23B83CC99E}.Debug|x64.ActiveCfg = Debug|x64
		{D046CD4C-FAE1-4346-81A3-5E23B83CC99E}.Debug|x64.Build.0 = Debug|x64
		{D046CD4C-FAE1-4346-81A3-5E23B83CC99E}.Debug|x86.ActiveCfg = Debug|Win32
		{D046CD4C-FAE1-4346-81A3-5E23B83CC99E}.Debug|x86.Build.0 = Debug|Win32
		{D046CD4C-FAE1-4346-81A3-5E23B83CC99E}.Release|x64.ActiveCfg = Release|x64
		{D046CD4C-FAE1-4346-81A3-5E23B83CC99E}.Release|x64.Build.0 = Release|x64
		{D046CD4C-FAE1-4346-81A3-5E23B83CC99E}.Release|x86.ActiveCfg = Release|Win32
		{D046CD4C-FAE1-4346-81A3-5E23B83CC99E}.Release|x86.Build.0 = Release|Win32
		{4AF67875-8232-4649-9C91-5B270819C947}.Debug|x64.ActiveCfg = Debug|x64
		{4AF67875-8232-4649-9C91-5B270819C947}.Debug|x64.Build.0 = Debug|x64
		{4AF67875-8232-4649-9C91-5B270819C947}.Debug|x86.ActiveCfg = Debug|Win32
		{4AF67875-8232-4649-9C91-5B270819C947}.Debug|x86.Build.0 = Debug|Win32
		{4AF67875-8232-4649-9C91-5B270819C947}.Release|x64.ActiveCfg = Release|x64
		{4AF67875-8232-4649-9C91-5B270819C947}.Release|x64.Build.0 = Release|x64
		{4AF67875-8232-4649-9C91-5B270819C947}.Release|x86.ActiveCfg = Release|Win32
		{4AF67875-8232-4649-9C91-5B270819C947}.Release|x86.Build.0 = Release|Win32
		{4DBC5D84-9E1D-432E-A6E7-F5BFDBF3DDA2}.Debug|x64.ActiveCfg = Debug|x64
		{4DBC5D84-9E1D-432E-A6E7-F5BFDBF3DDA2}.Debug|x64.Build.0 = Debug|x64
		{4DBC5D84-9E1D-432E-A6E7-F5BFDBF3DDA2}.Debug|x86.ActiveCfg = Debug|Win32
		{4DBC5D84-9E1D-432E-A6E7-F5BFDBF3DDA2}.Debug|x86.Build.0 = Debug|Win32
		{4DBC5D84-9E1D-432E-A6E7-F5BFDBF3DDA2}.Release|x64.ActiveCfg = Release|x64
		{4DBC5D84-9E1D-432E-A6E7-F5BFDBF3DDA2}.Release|x64.Build.0 = Release|x64
		{4DBC5D84-9E1D-432E-A6E7-F5BFDBF3DDA2}.Release|x86.ActiveCfg = Release|Win32
		{4DBC5D84-9E1D-432E-A6E7-F5BFDBF3DDA2}.Release|x86.Build.0 = Release|Win32
		{A337C35E-50AF-4093-A437-C92A93B83185}.Debug|x64.ActiveCfg = Debug|x64
		{A337C35E-50AF-4093-A437-C92A93B83185}.Debug|x64.Build.0 = Debug|x64
		{A337C35E-50AF-4093-A437-C92A93B83185}.Debug|x86.ActiveCfg = Debug|Win32
		{A337C35E-50AF-4093-A437-C92A93B83185}.Debug|x86.Build.0 = Debug|Win32
		{A337C35E-50AF-4093-A437-C92A93B83185}.Release|x64.ActiveCfg = Release|x64
		{A337C35E-50AF-4093-A437-C92A93B83185}.Release|x64.Build.0 = Release|x64
		{A337C35E-50AF-4093-A437-C92A93B83185}.Release|x86.ActiveCfg = Release|Win32
		{A337C35E-50AF-4093-A437-C92A93B83185}.Release|x86.Build.0 = Release|Win32
		{2D71F977-996F-4CD3-8C07-3755E2B3182E}.Debug|x64.ActiveCfg = Debug|x64
		{2D71F977-996F-4CD3-8C07-3755E2B3182E}.Debug|x64.Build.0 = Debug|x64
		{2D71F977-996F-4CD3-8C07-3755E2B3182E}.Debug|x86.ActiveCfg = Debug|Win32
		{2D71F977-996F-4CD3-8C07-3755E2B3182E}.Debug|x86.Build.0 = Debug|Win32
		{2D71F977-996F-4CD3-8C07-3755E2B3182E}.Release|x64.ActiveCfg = Release|x64
		{2D71F977-996F-4CD3-8C07-3755E2B3182E}.Release|x64.Build.0 = Release|x64
		{2D71F977-996F-4CD3-8C07-3755E2B3182E}.Release|x86.ActiveCfg = Release|Win32
		{2D71F977-996F-4CD3-8C07-3755E2B3182E}.Release|x86.Build.0 = Release|Win32
		{5F95E9CA-F64A-47FB-8965-A0FC72C47922}.Debug|x64.ActiveCfg = Debug|x64
		{5F95E9CA-F64A-47FB-8965-A0FC72C47922}.Debug|x64.Build.0 = Debug|x64
		{5F95E9CA-F64A-47FB-8965-A0FC72C47922}.Debug|x86.ActiveCfg = Debug|Win32
		{5F95E9CA-F64A-47FB-8965-A0FC72C47922}.Debug|x86.Build.0 = Debug|Win32
		{5F95E9CA-F64A-47FB-8965-A0FC72C47922}.Release|x64.ActiveCfg = Release|x64
		{5F95E9CA-F64A-47FB-8965-A0FC72C47922}.Release|x64.Build.0 = Release|x64
		{5F95E9CA-F64A-47FB-8965-A0FC72C47922}.Release|x86.ActiveCfg = Release|Win32
		{5F95E9CA-F64A-47FB-8965-A0FC72C47922}.Release|x86.Build.0 = Release|Win32
		{C9F89AB6-F70B-4C43-8F43-96CD9F9FCF3E}.Debug|x64.ActiveCfg = Debug|x64
		{C9F89AB6-F70B-4C43-8F43-96CD9F9FCF3E}.Debug|x64.Build.0 = Debug|x64
		{C9F89AB6-F70B-4C43-8F43-96CD9F9FCF3E}.Debug|x86.ActiveCfg = Debug|Win32
		{C9F89AB6-F70B-4C43-8F43-96CD9F9FCF3E}.Debug|x86.Build.0 = Debug|Win32
		{C9F89AB6-F70B-4C43-8F43-96CD9F9FCF3E}.Release|x64.ActiveCfg = Release|x64
		{C9F89AB6-F70B-4C43-8F43-96CD9F9FCF3E}.Release|x64.Build.0 = Release|x64
		{C9F89AB6-F70B-4C43-8F43-96CD9F9FCF3E}.Release|x86.ActiveCfg = Release|Win32
		{C9F89AB6-F70B-4C43-8F43-96CD9F9FCF3E}.Release|x86.Build.0 = Release|Win32
		{21C51594-FF53-409C-9112-6A492F207AC2}.Debug|x64.ActiveCfg = Debug|x64
		{21C51594-FF53-409C-9112-6A492F207AC2}.Debug|x64.Build.0 = Debug|x64
		{21C51594-FF53-409C-9112-6A492F207AC2}.Debug|x86.ActiveCfg = Debug|Win32
		{21C51594-FF53-409C-9112-6A492F207AC2}.Debug|x86.Build.0 = Debug|Win32
		{21C51594-FF53-409C-9112-6A492F207AC2}.Release|x64.ActiveCfg = Release|x64
		{21C51594-FF53-409C-9112-6A492F207AC2}.Release|x64.Build.0 = Release|x64
		{21C51594-FF53-409C-9112-6A492F207AC2}.Release|x86.ActiveCfg = Release|Win32
		{21C51594-FF53-409C-9112-6A492F207AC2}.Release|x86.Build.0 = Release|Win32
		{6CAF87C1-C7B0-4923-A42B-7528FFE539EB}.Debug|x64.ActiveCfg = Debug|x64
		{6CAF87C1-C7B0-4923-A42B-7528FFE539EB}.Debug|x64.Build.0 = Debug|x64
		{6CAF87C1-C7B0-4923-A42B-7528FFE539EB}.Debug|x86.ActiveCfg = Debug|Win32
		{6CAF87C1-C7B0-4923-A42B-7528FFE539EB}.Debug|x86.Build.0 = Debug|Win32
		{6CAF87C1-C7B0-4923-A42B-7528FFE539EB}.Release|x64.ActiveCfg = Release|x64
		{6CAF87C1-C7B0-4923-A42B-7528FFE539EB}.Release|x64.Build.0 = Release|x64
		{6CAF87C1-C7B0-4923-A42B-7528FFE539EB}.Release|x86.ActiveCfg = Release|Win32
		{6CAF87C1-C7B0-4923-A42B-7528FFE539EB}.Release|x86.Build.0 = Release|Win32
		{22B8F22C-6F9B-4578-AE51-C1B65F4DF215}.Debug|x64.ActiveCfg = Debug|x64
		{22B8F22C-6F9B-4578-AE51-C1B65F4DF215}.Debug|x64.Build.0 = Debug|x64
		{22B8F22C-6F9B-4578-AE51-C1B65F4DF215}.Debug|x86.ActiveCfg = Debug|Win32
		{22B8F22C-6F9B-4578-AE51-C1B65F4DF215}.Debug|x86.Build.0 = Debug|Win32
		{22B8F22C-6F9B-4578-AE51-C1B65F4DF215}.Release|x64.ActiveCfg = Release|x64
		{22B8F22C-6F9B-4578-AE51-C1B65F4DF215}.Release|x64.Build.0 = Release|x64
		{22B8F22C-6F9B-4578-AE51-C1B65F4DF215}.Release|x86.ActiveCfg = Release|Win32
		{22B8F22C-6F9B-4578-AE51-C1B65F4DF215}.Release|x86.Build.0 = Release|Win32
		{4B89CB1D-AA0F-42EF-A08B-A93C07DC19AC}.Debug|x64.ActiveCfg = Debug|x64
		{4B89CB1D-AA0F-42EF-A08B-A93C07DC19AC}.Debug|x64.Build.0 = Debug|x64
		{4B89CB1D-AA0F-42EF-A08B-A93C07DC19AC}.Debug|x86.ActiveCfg = Debug|Win32
		{4B89CB1D-AA0F-42EF-A08B-A93C07DC19AC}.Debug|x86.Build.0 = Debug|Win32
		{4B89CB1D-AA0F-42EF-A08B-A93C07DC19AC}.Release|x64.ActiveCfg = Release|x64
		{4B89CB1D-AA0F-42EF-A08B-A93C07DC19AC}.Release|x64.Build.0 = Release|x64
		{4B89CB1D-AA0F-42EF-A08B-A93C07DC19AC}.Release|x86.ActiveCfg = Release|Win32
		{4B89CB1D-AA0F-42EF-A08B-A93C07DC19AC}.Release|x86.Build.0 = Release|Win32
		{F7A149C5-431D-4078-A228-C425D9A156A1}.Debug|x64.ActiveCfg = Debug|x64
		{F7A149C5-431D-4078-A228-C425D9A156A1}.Debug|x64.Build.0 = Debug|x64
		{F7A149C5-431D-4078-A228-C425D9A156A1}.Debug|x86.ActiveCfg = Debug|Win32
		{F7A149C5-431D-4078-A228-C425D9A156A1}.Debug|x86.Build.0 = Debug|Win32
		{F7A149C5-431D-4078-A228-C425D9A156A1}.Release|x64.ActiveCfg = Release|x64
		{F7A149C5-431D-4078-A228-C425D9A156A1}.Release|x64.Build.0 = Release|x64
		{F7A149C5-431D-4078-A228-C425D9A156A1}.Release|x86.ActiveCfg = Release|Win32
		{F7A149C5-431D-4078-A228-C425D9A156A1}.Release|x86.Build.0 = Release|Win32
		{40507561-2422-4DFB-9716-F4C984AF2B8D}.Debug|x64.ActiveCfg = Debug|x64
		{40507561-2422-4DFB-9716-F4C984AF2B8D}.Debug|x64.Build.0 = Debug|x64
		{40507561-2422-4DFB-9716-F4C984AF2B8D}.Debug|x86.ActiveCfg = Debug|Win32
		{40507561-2422-4DFB-9716-F4C984AF2B8D}.Debug|x86.Build.0 = Debug|Win32
		{40507561-2422-4DFB-9716-F4C984AF2B8D}.Release|x64.ActiveCfg = Release|x64
		{40507561-2422-4DFB-9716-F4C984AF2B8D}.Release|x64.Build.0 = Release|x64
		{40507561-2422-4DFB-9716-F4C984AF2B8D}.Release|x86.ActiveCfg = Release|Win32
		{40507561-2422-4DFB-9716-F4C984AF2B8D}.Release|x86.Build.0 = Release|Win32
		{AAC056C8-E6EA-455E-A86F-0A9BDF7DD3A3}.Debug|x64.ActiveCfg = Debug|x64
		{AAC056C8-E6EA-455E-A86F-0A9BDF7DD3A3}.Debug|x64.Build.0 = Debug|x64
		{AAC056C8-E6EA-455E-A86F-0A9BDF7DD3A3}.Debug|x86.ActiveCfg = Debug|Win32
		{AAC056C8-E6EA-455E-A86F-0A9BDF7DD3A3}.Debug|x86.Build.0 = Debug|Win32
		{AAC056C8-E6EA-455E-A86F-0A9BDF7DD3A3}.Release|x64.ActiveCfg = Release|x64
		{AAC056C8-E6EA-455E-A86F-0A9BDF7DD3A3}.Release|x64.Build.0 = Release|x64
		{AAC056C8-E6EA-455E-A86F-0A9BDF7DD3A3}.Release|x86.ActiveCfg = Release|Win32
		{AAC056C8-E6EA-455E-A86F-0A9BDF7DD3A3}.Release|x86.Build.0 = Release|Win32
		{5EFE7C7C-04AC-4F7A-A83F-F00D9FE82EB5}.Debug|x64.ActiveCfg = Debug|x64
		{5EFE7C7C-04AC-4F7A-A83F-F00D9FE82EB5}.Debug|x64.Build.0 = Debug|x64
		{5EFE7C7C-04AC-4F7A-A83F-F00D9FE82EB5}.Debug|x86.ActiveCfg = Debug|Win32
		{5EFE7C7C-04AC-4F7A-A83F-F00D9FE82EB5}.Debug|x86.Build.0 = Debug|Win32
		{5EFE7C7C-04AC-4F7A-A83F-F00D9FE82EB5}.Release|x64.ActiveCfg = Release|x64
		{5EFE7C7C-04AC-4F7A-A83F-F00D9FE82EB5}.Release|x64.Build.0 = Release|x64
		{5EFE7C7C-04AC-4F7A-A83F-F00D9FE82EB5}.Release|x86.ActiveCfg = Release|Win32
		{5EFE7C7C-04AC-4F7A-A83F-F00D9FE82EB5}.Release|x86.Build.0 = Release|Win32
		{5FD1AE7C-4281-4A16-8339-A8F3CC183565}.Debug|x64.ActiveCfg = Debug|x64
		{5FD1AE7C-4281-4A16-8339-A8F3CC183565}.Debug|x64.Build.0 = Debug|x64
		{5FD1AE7C-4281-4A16-8339-A8F3CC183565}.Debug|x86.ActiveCfg = Debug|Win32
		{5FD1AE7C-4281-4A16-8339-A8F3CC183565}.Debug|x86.Build.0 = Debug|Win32
		{5FD1AE7C-4281-4A16-8339-A8F3CC183565}.Release|x64.ActiveCfg = Release|x64
		{5FD1AE7C-4281-4A16-8339-A8F3CC183565}.Release|x64.Build.0 = Release|x64
		{5FD1AE7C-4281-4A16-8339-A8F3CC183565}.Release|x86.ActiveCfg = Release|Win32
		{5FD1AE7C-4281-4A16-8339-A8F3CC183565}.Release|x86.Build.0 = Release|Win32
		{999AAA9B-EE6D-475C-AAAA-BCD7DB4E7ED5}.Debug|x64.ActiveCfg = Debug|x64
		{999AAA9B-EE6D-475C-AAAA-BCD7DB4E7ED5}.Debug|x64.Build.0 = Debug|x64
		{999AAA9B-EE6D-475C-AAAA-BCD7DB4E7ED5}.Debug|x86.ActiveCfg = Debug|Win32
		{999AAA9B-EE6D-475C-AAAA-BCD7DB4E7ED5}.Debug|x86.Build.0 = Debug|Win32
		{999AAA9B-EE6D-475C-AAAA-BCD7DB4E7ED5}.Release|x64.ActiveCfg = Release|x64
		{999AAA9B-EE6D-475C-AAAA-BCD7DB4E7ED5}.Release|x64.Build.0 = Release|x64
		{999AAA9B-EE6D-475C-AAAA-BCD7DB4E7ED5}.Release|x86.ActiveCfg = Release|Win32
		{999AAA9B-EE6D-475C-AAAA-BCD7DB4E7ED5}.Release|x86.Build.0 = Release|Win32
		{0EDCAD1A-026D-46C8-ABC7-5E0057FA53FE}.Debug|x64.ActiveCfg = Debug|x64
		{0EDCAD1A-026D-46C8-ABC7-5E0057FA53FE}.Debug|x64.Build.0 = Debug|x64
		{0EDCAD1A-026D-46C8-ABC7-5E0057FA53FE}.Debug|x86.ActiveCfg = Debug|Win32
		{0EDCAD1A-026D-46C8-ABC7-5E0057FA53FE}.Debug|x86.Build.0 = Debug|Win32
		{0EDCAD1A-026D-46C8-ABC7-5E0057FA53FE}.Release|x64.ActiveCfg = Release|x64
		{0EDCAD1A-026D-46C8-ABC7-5E0057FA53FE}.Release|x64.Build.0 = Release|x64
		{0EDCAD1A-026D-46C8-ABC7-5E0057FA53FE}.Release|x86.ActiveCfg = Release|Win32
		{0EDCAD1A-026D-46C8-ABC7-5E0057FA53FE}.Release|x86.Build.0 = Release|Win32
		{9F8B9022-D38B-4CD7-BF55-480FDDBAF181}.Debug|x64.ActiveCfg = Debug|x64
		{9F8B9022-D38B-4CD7-BF55-480FDDBAF181}.Debug|x64.Build.0 = Debug|x64
		{9F8B9022-D38B-4CD7-BF55-480FDDBAF181}.Debug|x86.ActiveCfg = Debug|Win32
		{9F8B9022-D38B-4CD7-BF55-480FDDBAF181}.Debug|x86.Build.0 = Debug|Win32
		{9F8B9022-D38B-4CD7-BF55-480FDDBAF181}.Release|x64.ActiveCfg = Release|x64
		{9F8B9022-D38B-4CD7-BF55-480FDDBAF181}.Release|x64.Build.0 = Release|x64
		{9F8B9022-D38B-4CD7-BF55-480FDDBAF181}.Release|x86.ActiveCfg = Release|Win32
		{9F8B9022-D38B-4CD7-BF55-480FDDBAF181}.Release|x86.Build.0 = Release|Win32
		{D1DC1126-4A9C-4023-8FFA-90EE7660C32B}.Debug|x64.ActiveCfg = Debug|x64
		{D1DC1126-4A9C-4023-8FFA-90EE7660C32B}.Debug|x64.Build.0 = Debug|x64
		{D1DC1126-4A9C-4023-8FFA-90EE7660C32B}.Debug|x86.ActiveCfg = Debug|Win32
		{D1DC1126-4A9C-4023-8FFA-90EE7660C32B}.Debug|x86.Build.0 = Debug|Win32
		{D1DC1126-4A9C-4023-8FFA-90EE7660C32B}.Release|x64.ActiveCfg = Release|x64
		{D1DC1126-4A9C-4023-8FFA-90EE7660C32B}.Release|x64.Build.0 = Release|x64
		{D1DC1126-4A9C-4023-8FFA-90EE7660C32B}.Release|x86.ActiveCfg = Release|Win32
		{D1DC1126-4A9C-4023-8FFA-90EE7660C32B}.Release|x86.Build.0 = Release|Win32
		{B27803FD-60F0-4928-938E-19FFE95F19C4}.Debug|x64.ActiveCfg = Debug|x64
		{B27803FD-60F0-4928-938E-19FFE95F19C4}.Debug|x64.Build.0 = Debug|x64
		{B27803FD-60F0-4928-938E-19FFE95F19C4}.Debug|x86.ActiveCfg = Debug|Win32
		{B27803FD-60F0-4928-938E-19FFE95F19C4}.Debug|x86.Build.0 = Debug|Win32
		{B27803FD-60F0-4928-938E-19FFE95F19C4}.Release|x64.ActiveCfg = Release|x64
		{B27803FD-60F0-4928-938E-19FFE95F19C4}.Release|x64.Build.0 = Release|x64
		{B27803FD-60F0-4928-938E-19FFE95F19C4}.Release|x86.ActiveCfg = Release|Win32
		{B27803FD-60F0-4928-938E-19FFE95F19C4}.Release|x86.Build.0 = Release|Win32
		{C6107362-4B2A-45DD-880E-5A3302FF3E16}.Debug|x64.ActiveCfg = Debug|x64
		{C6107362-4B2A-45DD-880E-5A3302FF3E16}.Debug|x64.Build.0 = Debug|x64
		{C6107362-4B2A-45DD-880E-5A3302FF3E16}.Debug|x86.ActiveCfg = Debug|Win32
		{C6107362-4B2A-45DD-880E-5A3302FF3E16}.Debug|x86.Build.0 = Debug|Win32
		{C6107362-4B2A-45DD-880E-5A3302FF3E16}.Release|x64.ActiveCfg = Release|x64
		{C6107362-4B2A-45DD-880E-5A3302FF3E16}.Release|x64.Build.0 = Release|x64
		{C6107362-4B2A-45DD-880E-5A3302FF3E16}.Release|x86.ActiveCfg = Release|Win32
		{C6107362-4B2A-45DD-880E-5A3302FF3E16}.Release|x86.Build.0 = Release|Win32
		{270BD0A1-82C6-455B-B855-449347AC53D8}.Debug|x64.ActiveCfg = Debug|x64
		{270BD0A1-82C6-455B-B855-449347AC53D8}.Debug|x64.Build.0 = Debug|x64
		{270BD0A1-82C6-455B-B855-449347AC53D8}.Debug|x86.ActiveCfg = Debug|Win32
		{270BD0A1-82C6-455B-B855-449347AC53D8}.Debug|x86.Build.0 = Debug|Win32
		{270BD0A1-82C6-455B-B855-449347AC53D8}.Release|x64.ActiveCfg = Release|x64
		{270BD0A1-82C6-455B-B855-449347AC53D8}.Release|x64.Build.0 = Release|x64
		{270BD0A1-82C6-455B-B855-449347AC53D8}.Release|x86.ActiveCfg = Release|Win32
		{270BD0A1-82C6-455B-B855-449347AC53D8}.Release|x86.Build.0 = Release|Win32
		{9B7E962C-5387-4BE9-8E6F-A3DE90BE43CE}.Debug|x64.ActiveCfg = Debug|x64
		{9B7E962C-5387-4BE9-8E6F-A3DE90BE43CE}.Debug|x64.Build.0 = Debug|x64
		{9B7E962C-5387-4BE9-8E6F-A3DE90BE43CE}.Debug|x86.ActiveCfg = Debug|Win32
		{9B7E962C-5387-4BE9-8E6F-A3DE90BE43CE}.Debug|x86.Build.0 = Debug|Win32
		{9B7E962C-5387-4BE9-8E6F-A3DE90BE43CE}.Release|x64.ActiveCfg = Release|x64
		{9B7E962C-5387-4BE9-8E6F-A3DE90BE43CE}.Release|x64.Build.0 = Release|x64
		{9B7E962C-5387-4BE9-8E6F-A3DE90BE43CE}.Release|x86.ActiveCfg = Release|Win32
		{9B7E962C-5387-4BE9-8E6F-A3DE90BE43CE}.Release|x86.Build.0 = Release|Win32
		{C5927CF6-5EAC-4B2F-963B-8967973D6164}.Debug|x64.ActiveCfg = Debug|x64
		{C5927CF6-5EAC-4B2F-963B-8967973D6164}.Debug|x64.Build.0 = Debug|x64
		{C5927CF6-5EAC-4B2F-963B-8967973D6164}.Debug|x86.ActiveCfg = Debug|Win32
		{C5927CF6-5EAC-4B2F-963B-8967973D6164}.Debug|x86.Build.0 = Debug|Win32
		{C5927CF6-5EAC-4B2F-963B-8967973D6164}.Release|x64.ActiveCfg = Release|x64
		{C5927CF6-5EAC-4B2F-963B-8967973D6164}.Release|x64.Build.0 = Release|x64
		{C5927CF6-5EAC-4B2F-963B-8967973D6164}.Release|x86.ActiveCfg = Release|Win32
		{C5927CF6-5EAC-4B2F-963B-8967973D6164}.Release|x86.Build.0 = Release|Win32
		{975EDC11-74CB-489D-805B-6833D53E0927}.Debug|x64.ActiveCfg = Debug|x64
		{975EDC11-74CB-489D-805B-6833D53E0927}.Debug|x64.Build.0 = Debug|x64
		{975EDC11-74CB-489D-805B-6833D53E0927}.Debug|x86.ActiveCfg = Debug|Win32
		{975EDC11-74CB-489D-805B-6833D53E0927}.Debug|x86.Build.0 = Debug|Win32
		{975EDC11-74CB-489D-805B-6833D53E0927}.Release|x64.ActiveCfg = Release|x64
		{975EDC11-74CB-489D-805B-6833D53E0927}.Release|x64.Build.0 = Release|x64
		{975EDC11-74CB-489D-805B-6833D53E0927}.Release|x86.ActiveCfg = Release|Win32
		{975EDC11-74CB-489D-805B-6833D53E0927}.Release|x86.Build.0 = Release|Win32
		{B53E8955-F162-4696-9BC2-5BD4EB0B8CC3}.Debug|x64.ActiveCfg = Debug|x64
		{B53E8955-F162-4696-9BC2-5BD4EB0B8CC3}.Debug|x64.Build.0 = Debug|x64
		{B53E8955-F162-4696-9BC2-5BD4EB0B8CC3}.Debug|x86.ActiveCfg = Debug|Win32
		{B53E8955-F162-4696-9BC2-5BD4EB0B8CC3}.Debug|x86.Build.0 = Debug|Win32
		{B53E8955-F162-4696-9BC2-5BD4EB0B8CC3}.Release|x64.ActiveCfg = Release|x64
		{B53E8955-F162-4696-9BC2-5BD4EB0B8CC3}.Release|x64.Build.0 = Release|x64
		{B53E8955-F162-4696-9BC2-5BD4EB0B8CC3}.Release|x86.ActiveCfg = Release|Win32
		{B53E8955-F162-4696-9BC2-5BD4EB0B8CC3}.Release|x86.Build.0 = Release|Win32
		{518D2F7F-041D-4A0E-AA37-DA146C5F625E}.Debug|x64.ActiveCfg = Debug|x64
		{518D2F7F-041D-4A0E-AA37-DA146C5F625E}.Debug|x64.Build.0 = Debug|x64
		{518D2F7F-041D-4A0E-AA37-DA146C5F625E}.Debug|x86.ActiveCfg = Debug|Win32
		{518D2F7F-041D-4A0E-AA37-DA146C5F625E}.Debug|x86.Build.0 = Debug|Win32
		{518D2F7F-041D-4A0E-AA37-DA146C5F625E}.Release|x64.ActiveCfg = Release|x64
		{518D2F7F-041D-4A0E-AA37-DA146C5F625E}.Release|x64.Build.0 = Release|x64
		{518D2F7F-041D-4A0E-AA37-DA146C5F625E}.Release|x86.ActiveCfg = Release|Win32
		{518D2F7F-041D-4A0E-AA37-DA146C5F625E}.Release|x86.Build.0 = Release|Win32
		{711222FE-F28E-48B1-B2B8-5CE72AA14F49}.Debug|x64.ActiveCfg = Debug|x64
		{711222FE-F28E-48B1-B2B8-5CE72AA14F49}.Debug|x64.Build.0 = Debug|x64
		{711222FE-F28E-48B1-B2B8-5CE72AA14F49}.Debug|x86.ActiveCfg = Debug|Win32
		{711222FE-F28E-48B1-B2B8-5CE72AA14F49}.Debug|x86.Build.0 = Debug|Win32
		{711222FE-F28E-48B1-B2B8-5CE72AA14F49}.Release|x64.ActiveCfg = Release|x64
		{711222FE-F28E-48B1-B2B8-5CE72AA14F49}.Release|x64.Build.0 = Release|x64
		{711222FE-F28E-48B1-B2B8-5CE72AA14F49}.Release|x86.ActiveCfg = Release|Win32
		{711222FE-F28E-48B1-B2B8-5CE72AA14F49}.Release|x86.Build.0 = Release|Win32
	EndGlobalSection
	GlobalSection(SolutionProperties) = preSolution
		HideSolutionNode = FALSE
	EndGlobalSection
EndGlobal
